
Microsoft Visual Studio Solution File, Format Version 12.00
Project("{FAE04EC0-301F-11D3-BF4B-00C04F79EFBC}") = "NameMatching", "NameMatching\NameMatching.csproj", "{04FF73BB-A147-4669-AEC0-E2911CA67BCB}"
EndProject
Project("{FAE04EC0-301F-11D3-BF4B-00C04F79EFBC}") = "NameMatching.Tests", "NameMatching.Tests\NameMatching.Tests.csproj", "{DD6A0ED3-9978-425B-B7F7-A8792DF3AC5B}"
EndProject
Global
	GlobalSection(SolutionConfigurationPlatforms) = preSolution
		Debug|Any CPU = Debug|Any CPU
		Release|Any CPU = Release|Any CPU
	EndGlobalSection
	GlobalSection(ProjectConfigurationPlatforms) = postSolution
		{04FF73BB-A147-4669-AEC0-E2911CA67BCB}.Debug|Any CPU.ActiveCfg = Debug|Any CPU
		{04FF73BB-A147-4669-AEC0-E2911CA67BCB}.Debug|Any CPU.Build.0 = Debug|Any CPU
		{04FF73BB-A147-4669-AEC0-E2911CA67BCB}.Release|Any CPU.ActiveCfg = Release|Any CPU
		{04FF73BB-A147-4669-AEC0-E2911CA67BCB}.Release|Any CPU.Build.0 = Release|Any CPU
		{DD6A0ED3-9978-425B-B7F7-A8792DF3AC5B}.Debug|Any CPU.ActiveCfg = Debug|Any CPU
		{DD6A0ED3-9978-425B-B7F7-A8792DF3AC5B}.Debug|Any CPU.Build.0 = Debug|Any CPU
		{DD6A0ED3-9978-425B-B7F7-A8792DF3AC5B}.Release|Any CPU.ActiveCfg = Release|Any CPU
		{DD6A0ED3-9978-425B-B7F7-A8792DF3AC5B}.Release|Any CPU.Build.0 = Release|Any CPU
	EndGlobalSection
EndGlobal
